// !$*UTF8*$!
{
	archiveVersion = 1;
	classes = {
	};
	objectVersion = 46;
	objects = {

/* Begin PBXBuildFile section */
		D090D3791C0E59BC00019855 /* Quad.m in Sources */ = {isa = PBXBuildFile; fileRef = D090D3781C0E59BC00019855 /* Quad.m */; };
		D0F112B91C0E442800C9E780 /* AppDelegate.m in Sources */ = {isa = PBXBuildFile; fileRef = D0F112B81C0E442800C9E780 /* AppDelegate.m */; };
		D0F112BC1C0E442800C9E780 /* main.m in Sources */ = {isa = PBXBuildFile; fileRef = D0F112BB1C0E442800C9E780 /* main.m */; };
		D0F112BF1C0E442800C9E780 /* GameViewController.mm in Sources */ = {isa = PBXBuildFile; fileRef = D0F112BE1C0E442800C9E780 /* GameViewController.mm */; };
		D0F112C11C0E442800C9E780 /* Shaders.metal in Sources */ = {isa = PBXBuildFile; fileRef = D0F112C01C0E442800C9E780 /* Shaders.metal */; };
		D0F112C41C0E442800C9E780 /* Assets.xcassets in Resources */ = {isa = PBXBuildFile; fileRef = D0F112C31C0E442800C9E780 /* Assets.xcassets */; };
		D0F112C71C0E442800C9E780 /* MainMenu.xib in Resources */ = {isa = PBXBuildFile; fileRef = D0F112C51C0E442800C9E780 /* MainMenu.xib */; };
		D0F112D21C0E442900C9E780 /* ImageSpaceCsgUITests.m in Sources */ = {isa = PBXBuildFile; fileRef = D0F112D11C0E442900C9E780 /* ImageSpaceCsgUITests.m */; };
		D0F112DE1C0E46D500C9E780 /* GBuffer.m in Sources */ = {isa = PBXBuildFile; fileRef = D0F112DD1C0E46D500C9E780 /* GBuffer.m */; };
		D0F112E11C0E4A0A00C9E780 /* GPipeLine.m in Sources */ = {isa = PBXBuildFile; fileRef = D0F112E01C0E4A0A00C9E780 /* GPipeLine.m */; };
		D0F112E31C0E4CCB00C9E780 /* gBuffer.metal in Sources */ = {isa = PBXBuildFile; fileRef = D0F112E21C0E4CCB00C9E780 /* gBuffer.metal */; };
		E7C7ED4F1D03A295008FEA16 /* csg.cpp in Sources */ = {isa = PBXBuildFile; fileRef = E7C7ED4E1D03A295008FEA16 /* csg.cpp */; };
/* End PBXBuildFile section */

/* Begin PBXContainerItemProxy section */
		D0F112CE1C0E442800C9E780 /* PBXContainerItemProxy */ = {
			isa = PBXContainerItemProxy;
			containerPortal = D0F112AC1C0E442800C9E780 /* Project object */;
			proxyType = 1;
			remoteGlobalIDString = D0F112B31C0E442800C9E780;
			remoteInfo = ImageSpaceCsg;
		};
/* End PBXContainerItemProxy section */

/* Begin PBXFileReference section */
		D090D3771C0E59BC00019855 /* Quad.h */ = {isa = PBXFileReference; fileEncoding = 4; lastKnownFileType = sourcecode.c.h; lineEnding = 0; path = Quad.h; sourceTree = "<group>"; xcLanguageSpecificationIdentifier = xcode.lang.objcpp; };
		D090D3781C0E59BC00019855 /* Quad.m */ = {isa = PBXFileReference; fileEncoding = 4; lastKnownFileType = sourcecode.c.objc; lineEnding = 0; path = Quad.m; sourceTree = "<group>"; xcLanguageSpecificationIdentifier = xcode.lang.objc; };
		D090D37A1C0E62A900019855 /* math.h */ = {isa = PBXFileReference; fileEncoding = 4; lastKnownFileType = sourcecode.c.h; lineEnding = 0; path = math.h; sourceTree = "<group>"; xcLanguageSpecificationIdentifier = xcode.lang.objcpp; };
		D0F112B41C0E442800C9E780 /* ImageSpaceCsg.app */ = {isa = PBXFileReference; explicitFileType = wrapper.application; includeInIndex = 0; path = ImageSpaceCsg.app; sourceTree = BUILT_PRODUCTS_DIR; };
		D0F112B71C0E442800C9E780 /* AppDelegate.h */ = {isa = PBXFileReference; lastKnownFileType = sourcecode.c.h; lineEnding = 0; path = AppDelegate.h; sourceTree = "<group>"; xcLanguageSpecificationIdentifier = xcode.lang.objcpp; };
		D0F112B81C0E442800C9E780 /* AppDelegate.m */ = {isa = PBXFileReference; lastKnownFileType = sourcecode.c.objc; lineEnding = 0; path = AppDelegate.m; sourceTree = "<group>"; xcLanguageSpecificationIdentifier = xcode.lang.objc; };
		D0F112BB1C0E442800C9E780 /* main.m */ = {isa = PBXFileReference; lastKnownFileType = sourcecode.c.objc; lineEnding = 0; path = main.m; sourceTree = "<group>"; xcLanguageSpecificationIdentifier = xcode.lang.objc; };
		D0F112BD1C0E442800C9E780 /* GameViewController.h */ = {isa = PBXFileReference; lastKnownFileType = sourcecode.c.h; lineEnding = 0; path = GameViewController.h; sourceTree = "<group>"; xcLanguageSpecificationIdentifier = xcode.lang.objcpp; };
		D0F112BE1C0E442800C9E780 /* GameViewController.mm */ = {isa = PBXFileReference; lastKnownFileType = sourcecode.cpp.objcpp; lineEnding = 0; path = GameViewController.mm; sourceTree = "<group>"; xcLanguageSpecificationIdentifier = xcode.lang.objcpp; };
		D0F112C01C0E442800C9E780 /* Shaders.metal */ = {isa = PBXFileReference; lastKnownFileType = sourcecode.metal; lineEnding = 0; path = Shaders.metal; sourceTree = "<group>"; xcLanguageSpecificationIdentifier = xcode.lang.metal; };
		D0F112C21C0E442800C9E780 /* SharedStructures.h */ = {isa = PBXFileReference; lastKnownFileType = sourcecode.c.h; lineEnding = 0; path = SharedStructures.h; sourceTree = "<group>"; xcLanguageSpecificationIdentifier = xcode.lang.objcpp; };
		D0F112C31C0E442800C9E780 /* Assets.xcassets */ = {isa = PBXFileReference; lastKnownFileType = folder.assetcatalog; path = Assets.xcassets; sourceTree = "<group>"; };
		D0F112C61C0E442800C9E780 /* Base */ = {isa = PBXFileReference; lastKnownFileType = file.xib; name = Base; path = Base.lproj/MainMenu.xib; sourceTree = "<group>"; };
		D0F112C81C0E442800C9E780 /* Info.plist */ = {isa = PBXFileReference; lastKnownFileType = text.plist.xml; path = Info.plist; sourceTree = "<group>"; };
		D0F112CD1C0E442800C9E780 /* ImageSpaceCsg.xctest */ = {isa = PBXFileReference; explicitFileType = wrapper.cfbundle; includeInIndex = 0; path = ImageSpaceCsg.xctest; sourceTree = BUILT_PRODUCTS_DIR; };
		D0F112D11C0E442900C9E780 /* ImageSpaceCsgUITests.m */ = {isa = PBXFileReference; lastKnownFileType = sourcecode.c.objc; lineEnding = 0; path = ImageSpaceCsgUITests.m; sourceTree = "<group>"; xcLanguageSpecificationIdentifier = xcode.lang.objc; };
		D0F112D31C0E442900C9E780 /* Info.plist */ = {isa = PBXFileReference; lastKnownFileType = text.plist.xml; path = Info.plist; sourceTree = "<group>"; };
		D0F112DC1C0E46D500C9E780 /* GBuffer.h */ = {isa = PBXFileReference; fileEncoding = 4; lastKnownFileType = sourcecode.c.h; lineEnding = 0; path = GBuffer.h; sourceTree = "<group>"; xcLanguageSpecificationIdentifier = xcode.lang.objcpp; };
		D0F112DD1C0E46D500C9E780 /* GBuffer.m */ = {isa = PBXFileReference; fileEncoding = 4; lastKnownFileType = sourcecode.c.objc; lineEnding = 0; path = GBuffer.m; sourceTree = "<group>"; xcLanguageSpecificationIdentifier = xcode.lang.objc; };
		D0F112DF1C0E4A0A00C9E780 /* GPipeLine.h */ = {isa = PBXFileReference; fileEncoding = 4; lastKnownFileType = sourcecode.c.h; lineEnding = 0; path = GPipeLine.h; sourceTree = "<group>"; xcLanguageSpecificationIdentifier = xcode.lang.objcpp; };
		D0F112E01C0E4A0A00C9E780 /* GPipeLine.m */ = {isa = PBXFileReference; fileEncoding = 4; lastKnownFileType = sourcecode.c.objc; lineEnding = 0; path = GPipeLine.m; sourceTree = "<group>"; xcLanguageSpecificationIdentifier = xcode.lang.objc; };
		D0F112E21C0E4CCB00C9E780 /* gBuffer.metal */ = {isa = PBXFileReference; fileEncoding = 4; lastKnownFileType = sourcecode.metal; lineEnding = 0; path = gBuffer.metal; sourceTree = "<group>"; xcLanguageSpecificationIdentifier = xcode.lang.metal; };
		E7C7ED4E1D03A295008FEA16 /* csg.cpp */ = {isa = PBXFileReference; fileEncoding = 4; lastKnownFileType = sourcecode.cpp.cpp; lineEnding = 0; path = csg.cpp; sourceTree = "<group>"; xcLanguageSpecificationIdentifier = xcode.lang.cpp; };
		E7C7ED501D03A2B4008FEA16 /* csg.h */ = {isa = PBXFileReference; lastKnownFileType = sourcecode.c.h; lineEnding = 0; path = csg.h; sourceTree = "<group>"; xcLanguageSpecificationIdentifier = xcode.lang.objcpp; };
/* End PBXFileReference section */

/* Begin PBXFrameworksBuildPhase section */
		D0F112B11C0E442800C9E780 /* Frameworks */ = {
			isa = PBXFrameworksBuildPhase;
			buildActionMask = 2147483647;
			files = (
			);
			runOnlyForDeploymentPostprocessing = 0;
		};
		D0F112CA1C0E442800C9E780 /* Frameworks */ = {
			isa = PBXFrameworksBuildPhase;
			buildActionMask = 2147483647;
			files = (
			);
			runOnlyForDeploymentPostprocessing = 0;
		};
/* End PBXFrameworksBuildPhase section */

/* Begin PBXGroup section */
		D0F112AB1C0E442800C9E780 = {
			isa = PBXGroup;
			children = (
				D0F112B61C0E442800C9E780 /* ImageSpaceCsg */,
				D0F112D01C0E442900C9E780 /* ImageSpaceCsgUITests */,
				D0F112B51C0E442800C9E780 /* Products */,
			);
			sourceTree = "<group>";
		};
		D0F112B51C0E442800C9E780 /* Products */ = {
			isa = PBXGroup;
			children = (
				D0F112B41C0E442800C9E780 /* ImageSpaceCsg.app */,
				D0F112CD1C0E442800C9E780 /* ImageSpaceCsg.xctest */,
			);
			name = Products;
			sourceTree = "<group>";
		};
		D0F112B61C0E442800C9E780 /* ImageSpaceCsg */ = {
			isa = PBXGroup;
			children = (
				E7DD31AD1CF132080022DE55 /* shaders */,
				E7DD31AE1CF132440022DE55 /* pipelines */,
				E7DD31AF1CF1327F0022DE55 /* buffers */,
				D0F112B81C0E442800C9E780 /* AppDelegate.m */,
				D0F112B71C0E442800C9E780 /* AppDelegate.h */,
				D0F112BD1C0E442800C9E780 /* GameViewController.h */,
				D0F112BE1C0E442800C9E780 /* GameViewController.mm */,
				E7C7ED4E1D03A295008FEA16 /* csg.cpp */,
				E7C7ED501D03A2B4008FEA16 /* csg.h */,
				D090D37A1C0E62A900019855 /* math.h */,
				D0F112C31C0E442800C9E780 /* Assets.xcassets */,
				D0F112C51C0E442800C9E780 /* MainMenu.xib */,
				D0F112C81C0E442800C9E780 /* Info.plist */,
				D0F112BA1C0E442800C9E780 /* Supporting Files */,
			);
			path = ImageSpaceCsg;
			sourceTree = "<group>";
		};
		D0F112BA1C0E442800C9E780 /* Supporting Files */ = {
			isa = PBXGroup;
			children = (
				D0F112BB1C0E442800C9E780 /* main.m */,
			);
			name = "Supporting Files";
			sourceTree = "<group>";
		};
		D0F112D01C0E442900C9E780 /* ImageSpaceCsgUITests */ = {
			isa = PBXGroup;
			children = (
				D0F112D11C0E442900C9E780 /* ImageSpaceCsgUITests.m */,
				D0F112D31C0E442900C9E780 /* Info.plist */,
			);
			path = ImageSpaceCsgUITests;
			sourceTree = "<group>";
		};
		E7DD31AD1CF132080022DE55 /* shaders */ = {
			isa = PBXGroup;
			children = (
				D0F112C21C0E442800C9E780 /* SharedStructures.h */,
				D0F112E21C0E4CCB00C9E780 /* gBuffer.metal */,
				D0F112C01C0E442800C9E780 /* Shaders.metal */,
			);
			name = shaders;
			sourceTree = "<group>";
		};
		E7DD31AE1CF132440022DE55 /* pipelines */ = {
			isa = PBXGroup;
			children = (
				D0F112DF1C0E4A0A00C9E780 /* GPipeLine.h */,
				D0F112E01C0E4A0A00C9E780 /* GPipeLine.m */,
			);
			name = pipelines;
			sourceTree = "<group>";
		};
		E7DD31AF1CF1327F0022DE55 /* buffers */ = {
			isa = PBXGroup;
			children = (
				D090D3771C0E59BC00019855 /* Quad.h */,
				D090D3781C0E59BC00019855 /* Quad.m */,
				D0F112DC1C0E46D500C9E780 /* GBuffer.h */,
				D0F112DD1C0E46D500C9E780 /* GBuffer.m */,
			);
			name = buffers;
			sourceTree = "<group>";
		};
/* End PBXGroup section */

/* Begin PBXNativeTarget section */
		D0F112B31C0E442800C9E780 /* ImageSpaceCsg */ = {
			isa = PBXNativeTarget;
			buildConfigurationList = D0F112D61C0E442900C9E780 /* Build configuration list for PBXNativeTarget "ImageSpaceCsg" */;
			buildPhases = (
				D0F112B01C0E442800C9E780 /* Sources */,
				D0F112B11C0E442800C9E780 /* Frameworks */,
				D0F112B21C0E442800C9E780 /* Resources */,
			);
			buildRules = (
			);
			dependencies = (
			);
			name = ImageSpaceCsg;
			productName = ImageSpaceCsg;
			productReference = D0F112B41C0E442800C9E780 /* ImageSpaceCsg.app */;
			productType = "com.apple.product-type.application";
		};
		D0F112CC1C0E442800C9E780 /* ImageSpaceCsgUITests */ = {
			isa = PBXNativeTarget;
			buildConfigurationList = D0F112D91C0E442900C9E780 /* Build configuration list for PBXNativeTarget "ImageSpaceCsgUITests" */;
			buildPhases = (
				D0F112C91C0E442800C9E780 /* Sources */,
				D0F112CA1C0E442800C9E780 /* Frameworks */,
				D0F112CB1C0E442800C9E780 /* Resources */,
			);
			buildRules = (
			);
			dependencies = (
				D0F112CF1C0E442800C9E780 /* PBXTargetDependency */,
			);
			name = ImageSpaceCsgUITests;
			productName = ImageSpaceCsgUITests;
			productReference = D0F112CD1C0E442800C9E780 /* ImageSpaceCsg.xctest */;
			productType = "com.apple.product-type.bundle.ui-testing";
		};
/* End PBXNativeTarget section */

/* Begin PBXProject section */
		D0F112AC1C0E442800C9E780 /* Project object */ = {
			isa = PBXProject;
			attributes = {
				LastUpgradeCheck = 0710;
				ORGANIZATIONNAME = "Max Harris";
				TargetAttributes = {
					D0F112B31C0E442800C9E780 = {
						CreatedOnToolsVersion = 7.1.1;
					};
					D0F112CC1C0E442800C9E780 = {
						CreatedOnToolsVersion = 7.1.1;
						TestTargetID = D0F112B31C0E442800C9E780;
					};
				};
			};
			buildConfigurationList = D0F112AF1C0E442800C9E780 /* Build configuration list for PBXProject "ImageSpaceCsg" */;
			compatibilityVersion = "Xcode 3.2";
			developmentRegion = English;
			hasScannedForEncodings = 0;
			knownRegions = (
				en,
				Base,
			);
			mainGroup = D0F112AB1C0E442800C9E780;
			productRefGroup = D0F112B51C0E442800C9E780 /* Products */;
			projectDirPath = "";
			projectRoot = "";
			targets = (
				D0F112B31C0E442800C9E780 /* ImageSpaceCsg */,
				D0F112CC1C0E442800C9E780 /* ImageSpaceCsgUITests */,
			);
		};
/* End PBXProject section */

/* Begin PBXResourcesBuildPhase section */
		D0F112B21C0E442800C9E780 /* Resources */ = {
			isa = PBXResourcesBuildPhase;
			buildActionMask = 2147483647;
			files = (
				D0F112C41C0E442800C9E780 /* Assets.xcassets in Resources */,
				D0F112C71C0E442800C9E780 /* MainMenu.xib in Resources */,
			);
			runOnlyForDeploymentPostprocessing = 0;
		};
		D0F112CB1C0E442800C9E780 /* Resources */ = {
			isa = PBXResourcesBuildPhase;
			buildActionMask = 2147483647;
			files = (
			);
			runOnlyForDeploymentPostprocessing = 0;
		};
/* End PBXResourcesBuildPhase section */

/* Begin PBXSourcesBuildPhase section */
		D0F112B01C0E442800C9E780 /* Sources */ = {
			isa = PBXSourcesBuildPhase;
			buildActionMask = 2147483647;
			files = (
				E7C7ED4F1D03A295008FEA16 /* csg.cpp in Sources */,
				D0F112E31C0E4CCB00C9E780 /* gBuffer.metal in Sources */,
				D0F112DE1C0E46D500C9E780 /* GBuffer.m in Sources */,
				D0F112C11C0E442800C9E780 /* Shaders.metal in Sources */,
				D0F112BC1C0E442800C9E780 /* main.m in Sources */,
				D090D3791C0E59BC00019855 /* Quad.m in Sources */,
				D0F112BF1C0E442800C9E780 /* GameViewController.mm in Sources */,
				D0F112B91C0E442800C9E780 /* AppDelegate.m in Sources */,
				D0F112E11C0E4A0A00C9E780 /* GPipeLine.m in Sources */,
			);
			runOnlyForDeploymentPostprocessing = 0;
		};
		D0F112C91C0E442800C9E780 /* Sources */ = {
			isa = PBXSourcesBuildPhase;
			buildActionMask = 2147483647;
			files = (
				D0F112D21C0E442900C9E780 /* ImageSpaceCsgUITests.m in Sources */,
			);
			runOnlyForDeploymentPostprocessing = 0;
		};
/* End PBXSourcesBuildPhase section */

/* Begin PBXTargetDependency section */
		D0F112CF1C0E442800C9E780 /* PBXTargetDependency */ = {
			isa = PBXTargetDependency;
			target = D0F112B31C0E442800C9E780 /* ImageSpaceCsg */;
			targetProxy = D0F112CE1C0E442800C9E780 /* PBXContainerItemProxy */;
		};
/* End PBXTargetDependency section */

/* Begin PBXVariantGroup section */
		D0F112C51C0E442800C9E780 /* MainMenu.xib */ = {
			isa = PBXVariantGroup;
			children = (
				D0F112C61C0E442800C9E780 /* Base */,
			);
			name = MainMenu.xib;
			sourceTree = "<group>";
		};
/* End PBXVariantGroup section */

/* Begin XCBuildConfiguration section */
		D0F112D41C0E442900C9E780 /* Debug */ = {
			isa = XCBuildConfiguration;
			buildSettings = {
				ALWAYS_SEARCH_USER_PATHS = NO;
				CLANG_CXX_LANGUAGE_STANDARD = "gnu++0x";
				CLANG_CXX_LIBRARY = "libc++";
				CLANG_ENABLE_MODULES = YES;
				CLANG_ENABLE_OBJC_ARC = YES;
				CLANG_WARN_BOOL_CONVERSION = YES;
				CLANG_WARN_CONSTANT_CONVERSION = YES;
				CLANG_WARN_DIRECT_OBJC_ISA_USAGE = YES_ERROR;
				CLANG_WARN_EMPTY_BODY = YES;
				CLANG_WARN_ENUM_CONVERSION = YES;
				CLANG_WARN_INT_CONVERSION = YES;
				CLANG_WARN_OBJC_ROOT_CLASS = YES_ERROR;
				CLANG_WARN_UNREACHABLE_CODE = YES;
				CLANG_WARN__DUPLICATE_METHOD_MATCH = YES;
				CODE_SIGN_IDENTITY = "-";
				COPY_PHASE_STRIP = NO;
				DEBUG_INFORMATION_FORMAT = "dwarf-with-dsym";
				ENABLE_STRICT_OBJC_MSGSEND = YES;
				ENABLE_TESTABILITY = YES;
				GCC_C_LANGUAGE_STANDARD = gnu99;
				GCC_DYNAMIC_NO_PIC = NO;
				GCC_NO_COMMON_BLOCKS = YES;
				GCC_OPTIMIZATION_LEVEL = 0;
				GCC_PREPROCESSOR_DEFINITIONS = (
					"DEBUG=1",
					"$(inherited)",
				);
				GCC_WARN_64_TO_32_BIT_CONVERSION = YES;
				GCC_WARN_ABOUT_RETURN_TYPE = YES_ERROR;
				GCC_WARN_UNDECLARED_SELECTOR = YES;
				GCC_WARN_UNINITIALIZED_AUTOS = YES_AGGRESSIVE;
				GCC_WARN_UNUSED_FUNCTION = YES;
				GCC_WARN_UNUSED_VARIABLE = YES;
				MACOSX_DEPLOYMENT_TARGET = 10.11;
				MTL_ENABLE_DEBUG_INFO = YES;
				ONLY_ACTIVE_ARCH = YES;
				SDKROOT = macosx;
			};
			name = Debug;
		};
		D0F112D51C0E442900C9E780 /* Release */ = {
			isa = XCBuildConfiguration;
			buildSettings = {
				ALWAYS_SEARCH_USER_PATHS = NO;
				CLANG_CXX_LANGUAGE_STANDARD = "gnu++0x";
				CLANG_CXX_LIBRARY = "libc++";
				CLANG_ENABLE_MODULES = YES;
				CLANG_ENABLE_OBJC_ARC = YES;
				CLANG_WARN_BOOL_CONVERSION = YES;
				CLANG_WARN_CONSTANT_CONVERSION = YES;
				CLANG_WARN_DIRECT_OBJC_ISA_USAGE = YES_ERROR;
				CLANG_WARN_EMPTY_BODY = YES;
				CLANG_WARN_ENUM_CONVERSION = YES;
				CLANG_WARN_INT_CONVERSION = YES;
				CLANG_WARN_OBJC_ROOT_CLASS = YES_ERROR;
				CLANG_WARN_UNREACHABLE_CODE = YES;
				CLANG_WARN__DUPLICATE_METHOD_MATCH = YES;
				CODE_SIGN_IDENTITY = "-";
				COPY_PHASE_STRIP = NO;
				DEBUG_INFORMATION_FORMAT = "dwarf-with-dsym";
				ENABLE_NS_ASSERTIONS = NO;
				ENABLE_STRICT_OBJC_MSGSEND = YES;
				GCC_C_LANGUAGE_STANDARD = gnu99;
				GCC_NO_COMMON_BLOCKS = YES;
				GCC_WARN_64_TO_32_BIT_CONVERSION = YES;
				GCC_WARN_ABOUT_RETURN_TYPE = YES_ERROR;
				GCC_WARN_UNDECLARED_SELECTOR = YES;
				GCC_WARN_UNINITIALIZED_AUTOS = YES_AGGRESSIVE;
				GCC_WARN_UNUSED_FUNCTION = YES;
				GCC_WARN_UNUSED_VARIABLE = YES;
				MACOSX_DEPLOYMENT_TARGET = 10.11;
				MTL_ENABLE_DEBUG_INFO = NO;
				SDKROOT = macosx;
			};
			name = Release;
		};
		D0F112D71C0E442900C9E780 /* Debug */ = {
			isa = XCBuildConfiguration;
			buildSettings = {
				ASSETCATALOG_COMPILER_APPICON_NAME = AppIcon;
				COMBINE_HIDPI_IMAGES = YES;
				INFOPLIST_FILE = ImageSpaceCsg/Info.plist;
				LD_RUNPATH_SEARCH_PATHS = "$(inherited) @executable_path/../Frameworks";
				PRODUCT_BUNDLE_IDENTIFIER = com.Solids.ImageSpaceCsg;
				PRODUCT_NAME = ImageSpaceCsg;
			};
			name = Debug;
		};
		D0F112D81C0E442900C9E780 /* Release */ = {
			isa = XCBuildConfiguration;
			buildSettings = {
				ASSETCATALOG_COMPILER_APPICON_NAME = AppIcon;
				COMBINE_HIDPI_IMAGES = YES;
				INFOPLIST_FILE = ImageSpaceCsg/Info.plist;
				LD_RUNPATH_SEARCH_PATHS = "$(inherited) @executable_path/../Frameworks";
				PRODUCT_BUNDLE_IDENTIFIER = com.Solids.ImageSpaceCsg;
				PRODUCT_NAME = ImageSpaceCsg;
			};
			name = Release;
		};
		D0F112DA1C0E442900C9E780 /* Debug */ = {
			isa = XCBuildConfiguration;
			buildSettings = {
				COMBINE_HIDPI_IMAGES = YES;
				DEBUG_INFORMATION_FORMAT = dwarf;
				INFOPLIST_FILE = ImageSpaceCsgUITests/Info.plist;
				LD_RUNPATH_SEARCH_PATHS = "$(inherited) @executable_path/../Frameworks @loader_path/../Frameworks";
				PRODUCT_BUNDLE_IDENTIFIER = com.Hypercube.ImageSpaceCsgUITests;
				PRODUCT_NAME = ImageSpaceCsg;
				TEST_TARGET_NAME = ImageSpaceCsg;
				USES_XCTRUNNER = YES;
			};
			name = Debug;
		};
		D0F112DB1C0E442900C9E780 /* Release */ = {
			isa = XCBuildConfiguration;
			buildSettings = {
				COMBINE_HIDPI_IMAGES = YES;
				INFOPLIST_FILE = ImageSpaceCsgUITests/Info.plist;
				LD_RUNPATH_SEARCH_PATHS = "$(inherited) @executable_path/../Frameworks @loader_path/../Frameworks";
				PRODUCT_BUNDLE_IDENTIFIER = com.Hypercube.ImageSpaceCsgUITests;
				PRODUCT_NAME = ImageSpaceCsg;
				TEST_TARGET_NAME = ImageSpaceCsg;
				USES_XCTRUNNER = YES;
			};
			name = Release;
		};
/* End XCBuildConfiguration section */

/* Begin XCConfigurationList section */
		D0F112AF1C0E442800C9E780 /* Build configuration list for PBXProject "ImageSpaceCsg" */ = {
			isa = XCConfigurationList;
			buildConfigurations = (
				D0F112D41C0E442900C9E780 /* Debug */,
				D0F112D51C0E442900C9E780 /* Release */,
			);
			defaultConfigurationIsVisible = 0;
			defaultConfigurationName = Release;
		};
		D0F112D61C0E442900C9E780 /* Build configuration list for PBXNativeTarget "ImageSpaceCsg" */ = {
			isa = XCConfigurationList;
			buildConfigurations = (
				D0F112D71C0E442900C9E780 /* Debug */,
				D0F112D81C0E442900C9E780 /* Release */,
			);
			defaultConfigurationIsVisible = 0;
			defaultConfigurationName = Release;
		};
		D0F112D91C0E442900C9E780 /* Build configuration list for PBXNativeTarget "ImageSpaceCsgUITests" */ = {
			isa = XCConfigurationList;
			buildConfigurations = (
				D0F112DA1C0E442900C9E780 /* Debug */,
				D0F112DB1C0E442900C9E780 /* Release */,
			);
			defaultConfigurationIsVisible = 0;
			defaultConfigurationName = Release;
		};
/* End XCConfigurationList section */
	};
	rootObject = D0F112AC1C0E442800C9E780 /* Project object */;
}
